
Microsoft Visual Studio Solution File, Format Version 12.00
# Visual Studio 15
Project("{FAE04EC0-301F-11D3-BF4B-00C04F79EFBC}") = "Assembly-CSharp", "Assembly-CSharp.csproj", "{EF323330-F255-C347-3268-2454C3115B29}"
EndProject
Project("{FAE04EC0-301F-11D3-BF4B-00C04F79EFBC}") = "Oculus.VR", "Oculus.VR.csproj", "{5CC7D90D-D7C8-4C27-F8DF-952FE419F2C7}"
EndProject
Project("{FAE04EC0-301F-11D3-BF4B-00C04F79EFBC}") = "Assembly-CSharp-Editor", "Assembly-CSharp-Editor.csproj", "{090150ED-F10F-3512-1151-65A4064D8432}"
EndProject
Project("{FAE04EC0-301F-11D3-BF4B-00C04F79EFBC}") = "Oculus.VR.Scripts.Editor", "Oculus.VR.Scripts.Editor.csproj", "{01C487E1-2B2F-A89B-F9F4-2AB88BDC0AA3}"
EndProject
Project("{FAE04EC0-301F-11D3-BF4B-00C04F79EFBC}") = "Oculus.VR.Editor", "Oculus.VR.Editor.csproj", "{3F5C4CFF-AC45-9B42-AD34-A1B9B72FDD91}"
EndProject
Global
	GlobalSection(SolutionConfigurationPlatforms) = preSolution
		Debug|Any CPU = Debug|Any CPU
		Release|Any CPU = Release|Any CPU
	EndGlobalSection
	GlobalSection(ProjectConfigurationPlatforms) = postSolution
		{EF323330-F255-C347-3268-2454C3115B29}.Debug|Any CPU.ActiveCfg = Debug|Any CPU
		{EF323330-F255-C347-3268-2454C3115B29}.Debug|Any CPU.Build.0 = Debug|Any CPU
		{EF323330-F255-C347-3268-2454C3115B29}.Release|Any CPU.ActiveCfg = Release|Any CPU
		{EF323330-F255-C347-3268-2454C3115B29}.Release|Any CPU.Build.0 = Release|Any CPU
		{5CC7D90D-D7C8-4C27-F8DF-952FE419F2C7}.Debug|Any CPU.ActiveCfg = Debug|Any CPU
		{5CC7D90D-D7C8-4C27-F8DF-952FE419F2C7}.Debug|Any CPU.Build.0 = Debug|Any CPU
		{5CC7D90D-D7C8-4C27-F8DF-952FE419F2C7}.Release|Any CPU.ActiveCfg = Release|Any CPU
		{5CC7D90D-D7C8-4C27-F8DF-952FE419F2C7}.Release|Any CPU.Build.0 = Release|Any CPU
		{090150ED-F10F-3512-1151-65A4064D8432}.Debug|Any CPU.ActiveCfg = Debug|Any CPU
		{090150ED-F10F-3512-1151-65A4064D8432}.Debug|Any CPU.Build.0 = Debug|Any CPU
		{090150ED-F10F-3512-1151-65A4064D8432}.Release|Any CPU.ActiveCfg = Release|Any CPU
		{090150ED-F10F-3512-1151-65A4064D8432}.Release|Any CPU.Build.0 = Release|Any CPU
		{01C487E1-2B2F-A89B-F9F4-2AB88BDC0AA3}.Debug|Any CPU.ActiveCfg = Debug|Any CPU
		{01C487E1-2B2F-A89B-F9F4-2AB88BDC0AA3}.Debug|Any CPU.Build.0 = Debug|Any CPU
		{01C487E1-2B2F-A89B-F9F4-2AB88BDC0AA3}.Release|Any CPU.ActiveCfg = Release|Any CPU
		{01C487E1-2B2F-A89B-F9F4-2AB88BDC0AA3}.Release|Any CPU.Build.0 = Release|Any CPU
		{3F5C4CFF-AC45-9B42-AD34-A1B9B72FDD91}.Debug|Any CPU.ActiveCfg = Debug|Any CPU
		{3F5C4CFF-AC45-9B42-AD34-A1B9B72FDD91}.Debug|Any CPU.Build.0 = Debug|Any CPU
		{3F5C4CFF-AC45-9B42-AD34-A1B9B72FDD91}.Release|Any CPU.ActiveCfg = Release|Any CPU
		{3F5C4CFF-AC45-9B42-AD34-A1B9B72FDD91}.Release|Any CPU.Build.0 = Release|Any CPU
	EndGlobalSection
	GlobalSection(SolutionProperties) = preSolution
		HideSolutionNode = FALSE
	EndGlobalSection
EndGlobal
